<?xml version="1.0" encoding="utf-8"?>
<Project ToolsVersion="4.0" xmlns="http://schemas.microsoft.com/developer/msbuild/2003">
  <ItemGroup>
    <Filter Include="Source Files">
      <UniqueIdentifier>{4FC737F1-C7A5-4376-A066-2A32D752A2FF}</UniqueIdentifier>
      <Extensions>cpp;c;cc;cxx;def;odl;idl;hpj;bat;asm;asmx</Extensions>
    </Filter>
    <Filter Include="Header Files">
      <UniqueIdentifier>{93995380-89BD-4b04-88EB-625FBE52EBFB}</UniqueIdentifier>
      <Extensions>h;hh;hpp;hxx;hm;inl;inc;ipp;xsd</Extensions>
    </Filter>
  </ItemGroup>
  <ItemGroup>
    <ClInclude Include="pch.h">
      <Filter>Header Files</Filter>
    </ClInclude>
    <ClInclude Include="IO.h">
      <Filter>Header Files</Filter>
    </ClInclude>
    <ClInclude Include="Bc7Mode.h">
      <Filter>Header Files</Filter>
    </ClInclude>
    <ClInclude Include="Bc7Core.h">
      <Filter>Header Files</Filter>
    </ClInclude>
    <ClInclude Include="Metrics.h">
      <Filter>Header Files</Filter>
    </ClInclude>
    <ClInclude Include="Bc7Tables.h">
      <Filter>Header Files</Filter>
    </ClInclude>
    <ClInclude Include="SnippetHorizontalSum4.h">
      <Filter>Header Files</Filter>
    </ClInclude>
    <ClInclude Include="SnippetLevelsBuffer.h">
      <Filter>Header Files</Filter>
    </ClInclude>
    <ClInclude Include="Worker.h">
      <Filter>Header Files</Filter>
    </ClInclude>
    <ClInclude Include="SnippetDecompressIndexedSubset.h">
      <Filter>Header Files</Filter>
    </ClInclude>
    <ClInclude Include="SnippetComputeOpaqueSubset3.h">
      <Filter>Header Files</Filter>
    </ClInclude>
    <ClInclude Include="SnippetComputeOpaqueSubset2.h">
      <Filter>Header Files</Filter>
    </ClInclude>
    <ClInclude Include="SnippetInsertRemoveZeroBit.h">
      <Filter>Header Files</Filter>
    </ClInclude>
    <ClInclude Include="SnippetLevelsMinimum.h">
      <Filter>Header Files</Filter>
    </ClInclude>
    <ClInclude Include="Bc7Pca.h">
      <Filter>Header Files</Filter>
    </ClInclude>
    <ClInclude Include="SnippetTargetSSSE3.h">
      <Filter>Header Files</Filter>
    </ClInclude>
    <ClInclude Include="SnippetLevelsBufferHalf.h">
      <Filter>Header Files</Filter>
    </ClInclude>
    <ClInclude Include="SnippetStoreNodeShort.h">
      <Filter>Header Files</Filter>
    </ClInclude>
  </ItemGroup>
  <ItemGroup>
    <ClCompile Include="pch.cpp">
      <Filter>Source Files</Filter>
    </ClCompile>
    <ClCompile Include="Bc7Compress.cpp">
      <Filter>Source Files</Filter>
    </ClCompile>
    <ClCompile Include="IO.cpp">
      <Filter>Source Files</Filter>
    </ClCompile>
    <ClCompile Include="Bc7CoreMode0.cpp">
      <Filter>Source Files</Filter>
    </ClCompile>
    <ClCompile Include="Bc7Core.cpp">
      <Filter>Source Files</Filter>
    </ClCompile>
    <ClCompile Include="Bc7CoreMode1.cpp">
      <Filter>Source Files</Filter>
    </ClCompile>
    <ClCompile Include="Bc7CoreMode2.cpp">
      <Filter>Source Files</Filter>
    </ClCompile>
    <ClCompile Include="Bc7CoreMode3.cpp">
      <Filter>Source Files</Filter>
    </ClCompile>
    <ClCompile Include="Bc7CoreMode4.cpp">
      <Filter>Source Files</Filter>
    </ClCompile>
    <ClCompile Include="Bc7CoreMode5.cpp">
      <Filter>Source Files</Filter>
    </ClCompile>
    <ClCompile Include="Bc7CoreMode6.cpp">
      <Filter>Source Files</Filter>
    </ClCompile>
    <ClCompile Include="Bc7CoreMode7.cpp">
      <Filter>Source Files</Filter>
    </ClCompile>
    <ClCompile Include="Metrics.cpp">
      <Filter>Source Files</Filter>
    </ClCompile>
    <ClCompile Include="Bc7Tables.cpp">
      <Filter>Source Files</Filter>
    </ClCompile>
    <ClCompile Include="Worker.cpp">
      <Filter>Source Files</Filter>
    </ClCompile>
    <ClCompile Include="Bc7PcaEigen.cpp">
      <Filter>Source Files</Filter>
    </ClCompile>
    <ClCompile Include="Bc7CoreMode6Index2.cpp">
      <Filter>Source Files</Filter>
    </ClCompile>
  </ItemGroup>
</Project>